
Microsoft Visual Studio Solution File, Format Version 12.00
# Visual Studio Version 17
VisualStudioVersion = 17.3.32922.545
MinimumVisualStudioVersion = 10.0.40219.1
Project("{FAE04EC0-301F-11D3-BF4B-00C04F79EFBC}") = "WpfApp14", "WpfApp14\WpfApp14.csproj", "{24F8B273-A9C6-43E7-A4D1-3079E141C353}"
EndProject
Global
	GlobalSection(SolutionConfigurationPlatforms) = preSolution
		Debug|Any CPU = Debug|Any CPU
		Release|Any CPU = Release|Any CPU
	EndGlobalSection
	GlobalSection(ProjectConfigurationPlatforms) = postSolution
		{24F8B273-A9C6-43E7-A4D1-3079E141C353}.Debug|Any CPU.ActiveCfg = Debug|Any CPU
		{24F8B273-A9C6-43E7-A4D1-3079E141C353}.Debug|Any CPU.Build.0 = Debug|Any CPU
		{24F8B273-A9C6-43E7-A4D1-3079E141C353}.Release|Any CPU.ActiveCfg = Release|Any CPU
		{24F8B273-A9C6-43E7-A4D1-3079E141C353}.Release|Any CPU.Build.0 = Release|Any CPU
	EndGlobalSection
	GlobalSection(SolutionProperties) = preSolution
		HideSolutionNode = FALSE
	EndGlobalSection
	GlobalSection(ExtensibilityGlobals) = postSolution
		SolutionGuid = {FA9B0D13-7961-4766-ADE4-1815E80C3347}
	EndGlobalSection
EndGlobal
